
Microsoft Visual Studio Solution File, Format Version 12.00
# Visual Studio Version 16
VisualStudioVersion = 16.0.31729.503
MinimumVisualStudioVersion = 10.0.40219.1
Project("{9A19103F-16F7-4668-BE54-9A1E7A4F7556}") = "RimacTask", "RimacTask\RimacTask.csproj", "{5D22AA14-6155-4EC8-BBBF-2A4D9503BC46}"
EndProject
Project("{9A19103F-16F7-4668-BE54-9A1E7A4F7556}") = "RimacTask_WebAPI", "RimacTask_WebAPI\RimacTask_WebAPI.csproj", "{48AC1B3D-00DB-4DFF-808F-781F5F839C38}"
EndProject
Project("{FAE04EC0-301F-11D3-BF4B-00C04F79EFBC}") = "RimacTask_IntegrationTest", "RimacTask_IntegrationTest\RimacTask_IntegrationTest.csproj", "{2B60420B-48DA-42FA-8CE5-6FFA858B64FF}"
EndProject
Global
	GlobalSection(SolutionConfigurationPlatforms) = preSolution
		Debug|Any CPU = Debug|Any CPU
		Release|Any CPU = Release|Any CPU
	EndGlobalSection
	GlobalSection(ProjectConfigurationPlatforms) = postSolution
		{5D22AA14-6155-4EC8-BBBF-2A4D9503BC46}.Debug|Any CPU.ActiveCfg = Debug|Any CPU
		{5D22AA14-6155-4EC8-BBBF-2A4D9503BC46}.Debug|Any CPU.Build.0 = Debug|Any CPU
		{5D22AA14-6155-4EC8-BBBF-2A4D9503BC46}.Release|Any CPU.ActiveCfg = Release|Any CPU
		{5D22AA14-6155-4EC8-BBBF-2A4D9503BC46}.Release|Any CPU.Build.0 = Release|Any CPU
		{48AC1B3D-00DB-4DFF-808F-781F5F839C38}.Debug|Any CPU.ActiveCfg = Debug|Any CPU
		{48AC1B3D-00DB-4DFF-808F-781F5F839C38}.Debug|Any CPU.Build.0 = Debug|Any CPU
		{48AC1B3D-00DB-4DFF-808F-781F5F839C38}.Release|Any CPU.ActiveCfg = Release|Any CPU
		{48AC1B3D-00DB-4DFF-808F-781F5F839C38}.Release|Any CPU.Build.0 = Release|Any CPU
		{2B60420B-48DA-42FA-8CE5-6FFA858B64FF}.Debug|Any CPU.ActiveCfg = Debug|Any CPU
		{2B60420B-48DA-42FA-8CE5-6FFA858B64FF}.Debug|Any CPU.Build.0 = Debug|Any CPU
		{2B60420B-48DA-42FA-8CE5-6FFA858B64FF}.Release|Any CPU.ActiveCfg = Release|Any CPU
		{2B60420B-48DA-42FA-8CE5-6FFA858B64FF}.Release|Any CPU.Build.0 = Release|Any CPU
	EndGlobalSection
	GlobalSection(SolutionProperties) = preSolution
		HideSolutionNode = FALSE
	EndGlobalSection
	GlobalSection(ExtensibilityGlobals) = postSolution
		SolutionGuid = {82F162E2-B809-4818-95F3-A2ABAD0D4524}
	EndGlobalSection
EndGlobal
